
Microsoft Visual Studio Solution File, Format Version 12.00
# Visual Studio Version 17
VisualStudioVersion = 17.0.31903.59
MinimumVisualStudioVersion = 10.0.40219.1
Project("{FAE04EC0-301F-11D3-BF4B-00C04F79EFBC}") = "NuGet.PowerShell", "src\NuGet.PowerShell.csproj", "{4E6283F8-8780-402F-AB2C-D9279ECB000A}"
EndProject
Global
	GlobalSection(SolutionConfigurationPlatforms) = preSolution
		Debug|Any CPU = Debug|Any CPU
		Release|Any CPU = Release|Any CPU
	EndGlobalSection
	GlobalSection(SolutionProperties) = preSolution
		HideSolutionNode = FALSE
	EndGlobalSection
	GlobalSection(ProjectConfigurationPlatforms) = postSolution
		{4E6283F8-8780-402F-AB2C-D9279ECB000A}.Debug|Any CPU.ActiveCfg = Debug|Any CPU
		{4E6283F8-8780-402F-AB2C-D9279ECB000A}.Debug|Any CPU.Build.0 = Debug|Any CPU
		{4E6283F8-8780-402F-AB2C-D9279ECB000A}.Release|Any CPU.ActiveCfg = Release|Any CPU
		{4E6283F8-8780-402F-AB2C-D9279ECB000A}.Release|Any CPU.Build.0 = Release|Any CPU
	EndGlobalSection
EndGlobal
